# THIS IS AN AUTOGENERATED FILE. DO NOT EDIT THIS FILE DIRECTLY.
# yarn lockfile v1


typescript@^3.8.3:
  version "3.8.3"
  resolved "https://registry.yarnpkg.com/typescript/-/typescript-3.8.3.tgz#409eb8544ea0335711205869ec458ab109ee1061"
  integrity sha512-MYlEfn5VrLNsgudQTVJeNaQFUAI7DkhnOjdpAp4T+ku1TfQClewlbSuTVHiA+8skNBgaf02TL/kLOvig4y3G8w==

xterm-addon-fit@^0.3.0:
  version "0.3.0"
  resolved "https://registry.yarnpkg.com/xterm-addon-fit/-/xterm-addon-fit-0.3.0.tgz#341710741027de9d648a9f84415a01ddfdbbe715"
  integrity sha512-kvkiqHVrnMXgyCH9Xn0BOBJ7XaWC/4BgpSWQy3SueqximgW630t/QOankgqkvk11iTOCwWdAY9DTyQBXUMN3lw==

xterm@^4.5.0:
  version "4.5.0"
  resolved "https://registry.yarnpkg.com/xterm/-/xterm-4.5.0.tgz#c7fd145c6cf91c9f2ef07011a9b35026cf4bfecc"
  integrity sha512-4t12tsvtYnv13FBJwewddxdI/j4kSonmbQQv50j34R/rPIFbUNGtptbprmuUlTDAKvHLMDZ/Np2XcpNimga/HQ==
